
Microsoft Visual Studio Solution File, Format Version 12.00
# Visual Studio Version 17
VisualStudioVersion = 17.5.33502.453
MinimumVisualStudioVersion = 10.0.40219.1
Project("{9A19103F-16F7-4668-BE54-9A1E7A4F7556}") = "HnWasm", "HnWasm\HnWasm.csproj", "{1F8A9C34-8196-40F4-8400-4F5B3172E07C}"
EndProject
Global
	GlobalSection(SolutionConfigurationPlatforms) = preSolution
		Debug|Any CPU = Debug|Any CPU
		Release|Any CPU = Release|Any CPU
	EndGlobalSection
	GlobalSection(ProjectConfigurationPlatforms) = postSolution
		{1F8A9C34-8196-40F4-8400-4F5B3172E07C}.Debug|Any CPU.ActiveCfg = Debug|Any CPU
		{1F8A9C34-8196-40F4-8400-4F5B3172E07C}.Debug|Any CPU.Build.0 = Debug|Any CPU
		{1F8A9C34-8196-40F4-8400-4F5B3172E07C}.Release|Any CPU.ActiveCfg = Release|Any CPU
		{1F8A9C34-8196-40F4-8400-4F5B3172E07C}.Release|Any CPU.Build.0 = Release|Any CPU
	EndGlobalSection
	GlobalSection(SolutionProperties) = preSolution
		HideSolutionNode = FALSE
	EndGlobalSection
	GlobalSection(ExtensibilityGlobals) = postSolution
		SolutionGuid = {4C8B324E-A868-47A4-9A09-B9913B94A5B9}
	EndGlobalSection
EndGlobal
